// !$*UTF8*$!
{
	archiveVersion = 1;
	classes = {
	};
	objectVersion = 46;
	objects = {

/* Begin PBXBuildFile section */
		92A7B36C1BEB01DA00273E33 /* AppDelegate.swift in Sources */ = {isa = PBXBuildFile; fileRef = 92A7B36B1BEB01DA00273E33 /* AppDelegate.swift */; };
		92A7B36E1BEB01DA00273E33 /* ViewController.swift in Sources */ = {isa = PBXBuildFile; fileRef = 92A7B36D1BEB01DA00273E33 /* ViewController.swift */; };
		92A7B3711BEB01DA00273E33 /* Main.storyboard in Resources */ = {isa = PBXBuildFile; fileRef = 92A7B36F1BEB01DA00273E33 /* Main.storyboard */; };
		92A7B3741BEB01DA00273E33 /* Sushi_Savior.xcdatamodeld in Sources */ = {isa = PBXBuildFile; fileRef = 92A7B3721BEB01DA00273E33 /* Sushi_Savior.xcdatamodeld */; };
		92A7B3761BEB01DA00273E33 /* Assets.xcassets in Resources */ = {isa = PBXBuildFile; fileRef = 92A7B3751BEB01DA00273E33 /* Assets.xcassets */; };
		92A7B3791BEB01DA00273E33 /* LaunchScreen.storyboard in Resources */ = {isa = PBXBuildFile; fileRef = 92A7B3771BEB01DA00273E33 /* LaunchScreen.storyboard */; };
/* End PBXBuildFile section */

/* Begin PBXFileReference section */
		92A7B3681BEB01DA00273E33 /* Sushi Savior.app */ = {isa = PBXFileReference; explicitFileType = wrapper.application; includeInIndex = 0; path = "Sushi Savior.app"; sourceTree = BUILT_PRODUCTS_DIR; };
		92A7B36B1BEB01DA00273E33 /* AppDelegate.swift */ = {isa = PBXFileReference; lastKnownFileType = sourcecode.swift; path = AppDelegate.swift; sourceTree = "<group>"; };
		92A7B36D1BEB01DA00273E33 /* ViewController.swift */ = {isa = PBXFileReference; lastKnownFileType = sourcecode.swift; path = ViewController.swift; sourceTree = "<group>"; };
		92A7B3701BEB01DA00273E33 /* Base */ = {isa = PBXFileReference; lastKnownFileType = file.storyboard; name = Base; path = Base.lproj/Main.storyboard; sourceTree = "<group>"; };
		92A7B3731BEB01DA00273E33 /* Sushi_Savior.xcdatamodel */ = {isa = PBXFileReference; lastKnownFileType = wrapper.xcdatamodel; path = Sushi_Savior.xcdatamodel; sourceTree = "<group>"; };
		92A7B3751BEB01DA00273E33 /* Assets.xcassets */ = {isa = PBXFileReference; lastKnownFileType = folder.assetcatalog; path = Assets.xcassets; sourceTree = "<group>"; };
		92A7B3781BEB01DA00273E33 /* Base */ = {isa = PBXFileReference; lastKnownFileType = file.storyboard; name = Base; path = Base.lproj/LaunchScreen.storyboard; sourceTree = "<group>"; };
		92A7B37A1BEB01DA00273E33 /* Info.plist */ = {isa = PBXFileReference; lastKnownFileType = text.plist.xml; path = Info.plist; sourceTree = "<group>"; };
/* End PBXFileReference section */

/* Begin PBXFrameworksBuildPhase section */
		92A7B3651BEB01DA00273E33 /* Frameworks */ = {
			isa = PBXFrameworksBuildPhase;
			buildActionMask = 2147483647;
			files = (
			);
			runOnlyForDeploymentPostprocessing = 0;
		};
/* End PBXFrameworksBuildPhase section */

/* Begin PBXGroup section */
		92A7B35F1BEB01DA00273E33 = {
			isa = PBXGroup;
			children = (
				92A7B36A1BEB01DA00273E33 /* Sushi Savior */,
				92A7B3691BEB01DA00273E33 /* Products */,
			);
			sourceTree = "<group>";
		};
		92A7B3691BEB01DA00273E33 /* Products */ = {
			isa = PBXGroup;
			children = (
				92A7B3681BEB01DA00273E33 /* Sushi Savior.app */,
			);
			name = Products;
			sourceTree = "<group>";
		};
		92A7B36A1BEB01DA00273E33 /* Sushi Savior */ = {
			isa = PBXGroup;
			children = (
				92A7B36B1BEB01DA00273E33 /* AppDelegate.swift */,
				92A7B36D1BEB01DA00273E33 /* ViewController.swift */,
				92A7B36F1BEB01DA00273E33 /* Main.storyboard */,
				92A7B3751BEB01DA00273E33 /* Assets.xcassets */,
				92A7B3771BEB01DA00273E33 /* LaunchScreen.storyboard */,
				92A7B37A1BEB01DA00273E33 /* Info.plist */,
				92A7B3721BEB01DA00273E33 /* Sushi_Savior.xcdatamodeld */,
			);
			path = "Sushi Savior";
			sourceTree = "<group>";
		};
/* End PBXGroup section */

/* Begin PBXNativeTarget section */
		92A7B3671BEB01DA00273E33 /* Sushi Savior */ = {
			isa = PBXNativeTarget;
			buildConfigurationList = 92A7B37D1BEB01DA00273E33 /* Build configuration list for PBXNativeTarget "Sushi Savior" */;
			buildPhases = (
				92A7B3641BEB01DA00273E33 /* Sources */,
				92A7B3651BEB01DA00273E33 /* Frameworks */,
				92A7B3661BEB01DA00273E33 /* Resources */,
			);
			buildRules = (
			);
			dependencies = (
			);
			name = "Sushi Savior";
			productName = "Sushi Savior";
			productReference = 92A7B3681BEB01DA00273E33 /* Sushi Savior.app */;
			productType = "com.apple.product-type.application";
		};
/* End PBXNativeTarget section */

/* Begin PBXProject section */
		92A7B3601BEB01DA00273E33 /* Project object */ = {
			isa = PBXProject;
			attributes = {
				LastSwiftUpdateCheck = 0710;
				LastUpgradeCheck = 0710;
				ORGANIZATIONNAME = "Jon Harlan";
				TargetAttributes = {
					92A7B3671BEB01DA00273E33 = {
						CreatedOnToolsVersion = 7.1;
					};
				};
			};
			buildConfigurationList = 92A7B3631BEB01DA00273E33 /* Build configuration list for PBXProject "Sushi Savior" */;
			compatibilityVersion = "Xcode 3.2";
			developmentRegion = English;
			hasScannedForEncodings = 0;
			knownRegions = (
				en,
				Base,
			);
			mainGroup = 92A7B35F1BEB01DA00273E33;
			productRefGroup = 92A7B3691BEB01DA00273E33 /* Products */;
			projectDirPath = "";
			projectRoot = "";
			targets = (
				92A7B3671BEB01DA00273E33 /* Sushi Savior */,
			);
		};
/* End PBXProject section */

/* Begin PBXResourcesBuildPhase section */
		92A7B3661BEB01DA00273E33 /* Resources */ = {
			isa = PBXResourcesBuildPhase;
			buildActionMask = 2147483647;
			files = (
				92A7B3791BEB01DA00273E33 /* LaunchScreen.storyboard in Resources */,
				92A7B3761BEB01DA00273E33 /* Assets.xcassets in Resources */,
				92A7B3711BEB01DA00273E33 /* Main.storyboard in Resources */,
			);
			runOnlyForDeploymentPostprocessing = 0;
		};
/* End PBXResourcesBuildPhase section */

/* Begin PBXSourcesBuildPhase section */
		92A7B3641BEB01DA00273E33 /* Sources */ = {
			isa = PBXSourcesBuildPhase;
			buildActionMask = 2147483647;
			files = (
				92A7B36E1BEB01DA00273E33 /* ViewController.swift in Sources */,
				92A7B36C1BEB01DA00273E33 /* AppDelegate.swift in Sources */,
				92A7B3741BEB01DA00273E33 /* Sushi_Savior.xcdatamodeld in Sources */,
			);
			runOnlyForDeploymentPostprocessing = 0;
		};
/* End PBXSourcesBuildPhase section */

/* Begin PBXVariantGroup section */
		92A7B36F1BEB01DA00273E33 /* Main.storyboard */ = {
			isa = PBXVariantGroup;
			children = (
				92A7B3701BEB01DA00273E33 /* Base */,
			);
			name = Main.storyboard;
			sourceTree = "<group>";
		};
		92A7B3771BEB01DA00273E33 /* LaunchScreen.storyboard */ = {
			isa = PBXVariantGroup;
			children = (
				92A7B3781BEB01DA00273E33 /* Base */,
			);
			name = LaunchScreen.storyboard;
			sourceTree = "<group>";
		};
/* End PBXVariantGroup section */

/* Begin XCBuildConfiguration section */
		92A7B37B1BEB01DA00273E33 /* Debug */ = {
			isa = XCBuildConfiguration;
			buildSettings = {
				ALWAYS_SEARCH_USER_PATHS = NO;
				CLANG_CXX_LANGUAGE_STANDARD = "gnu++0x";
				CLANG_CXX_LIBRARY = "libc++";
				CLANG_ENABLE_MODULES = YES;
				CLANG_ENABLE_OBJC_ARC = YES;
				CLANG_WARN_BOOL_CONVERSION = YES;
				CLANG_WARN_CONSTANT_CONVERSION = YES;
				CLANG_WARN_DIRECT_OBJC_ISA_USAGE = YES_ERROR;
				CLANG_WARN_EMPTY_BODY = YES;
				CLANG_WARN_ENUM_CONVERSION = YES;
				CLANG_WARN_INT_CONVERSION = YES;
				CLANG_WARN_OBJC_ROOT_CLASS = YES_ERROR;
				CLANG_WARN_UNREACHABLE_CODE = YES;
				CLANG_WARN__DUPLICATE_METHOD_MATCH = YES;
				"CODE_SIGN_IDENTITY[sdk=iphoneos*]" = "iPhone Developer";
				COPY_PHASE_STRIP = NO;
				DEBUG_INFORMATION_FORMAT = dwarf;
				ENABLE_STRICT_OBJC_MSGSEND = YES;
				ENABLE_TESTABILITY = YES;
				GCC_C_LANGUAGE_STANDARD = gnu99;
				GCC_DYNAMIC_NO_PIC = NO;
				GCC_NO_COMMON_BLOCKS = YES;
				GCC_OPTIMIZATION_LEVEL = 0;
				GCC_PREPROCESSOR_DEFINITIONS = (
					"DEBUG=1",
					"$(inherited)",
				);
				GCC_WARN_64_TO_32_BIT_CONVERSION = YES;
				GCC_WARN_ABOUT_RETURN_TYPE = YES_ERROR;
				GCC_WARN_UNDECLARED_SELECTOR = YES;
				GCC_WARN_UNINITIALIZED_AUTOS = YES_AGGRESSIVE;
				GCC_WARN_UNUSED_FUNCTION = YES;
				GCC_WARN_UNUSED_VARIABLE = YES;
				IPHONEOS_DEPLOYMENT_TARGET = 9.1;
				MTL_ENABLE_DEBUG_INFO = YES;
				ONLY_ACTIVE_ARCH = YES;
				SDKROOT = iphoneos;
				SWIFT_OPTIMIZATION_LEVEL = "-Onone";
			};
			name = Debug;
		};
		92A7B37C1BEB01DA00273E33 /* Release */ = {
			isa = XCBuildConfiguration;
			buildSettings = {
				ALWAYS_SEARCH_USER_PATHS = NO;
				CLANG_CXX_LANGUAGE_STANDARD = "gnu++0x";
				CLANG_CXX_LIBRARY = "libc++";
				CLANG_ENABLE_MODULES = YES;
				CLANG_ENABLE_OBJC_ARC = YES;
				CLANG_WARN_BOOL_CONVERSION = YES;
				CLANG_WARN_CONSTANT_CONVERSION = YES;
				CLANG_WARN_DIRECT_OBJC_ISA_USAGE = YES_ERROR;
				CLANG_WARN_EMPTY_BODY = YES;
				CLANG_WARN_ENUM_CONVERSION = YES;
				CLANG_WARN_INT_CONVERSION = YES;
				CLANG_WARN_OBJC_ROOT_CLASS = YES_ERROR;
				CLANG_WARN_UNREACHABLE_CODE = YES;
				CLANG_WARN__DUPLICATE_METHOD_MATCH = YES;
				"CODE_SIGN_IDENTITY[sdk=iphoneos*]" = "iPhone Developer";
				COPY_PHASE_STRIP = NO;
				DEBUG_INFORMATION_FORMAT = "dwarf-with-dsym";
				ENABLE_NS_ASSERTIONS = NO;
				ENABLE_STRICT_OBJC_MSGSEND = YES;
				GCC_C_LANGUAGE_STANDARD = gnu99;
				GCC_NO_COMMON_BLOCKS = YES;
				GCC_WARN_64_TO_32_BIT_CONVERSION = YES;
				GCC_WARN_ABOUT_RETURN_TYPE = YES_ERROR;
				GCC_WARN_UNDECLARED_SELECTOR = YES;
				GCC_WARN_UNINITIALIZED_AUTOS = YES_AGGRESSIVE;
				GCC_WARN_UNUSED_FUNCTION = YES;
				GCC_WARN_UNUSED_VARIABLE = YES;
				IPHONEOS_DEPLOYMENT_TARGET = 9.1;
				MTL_ENABLE_DEBUG_INFO = NO;
				SDKROOT = iphoneos;
				VALIDATE_PRODUCT = YES;
			};
			name = Release;
		};
		92A7B37E1BEB01DA00273E33 /* Debug */ = {
			isa = XCBuildConfiguration;
			buildSettings = {
				ASSETCATALOG_COMPILER_APPICON_NAME = AppIcon;
				INFOPLIST_FILE = "Sushi Savior/Info.plist";
				LD_RUNPATH_SEARCH_PATHS = "$(inherited) @executable_path/Frameworks";
				PRODUCT_BUNDLE_IDENTIFIER = "RydeHQ.Sushi-Savior";
				PRODUCT_NAME = "$(TARGET_NAME)";
			};
			name = Debug;
		};
		92A7B37F1BEB01DA00273E33 /* Release */ = {
			isa = XCBuildConfiguration;
			buildSettings = {
				ASSETCATALOG_COMPILER_APPICON_NAME = AppIcon;
				INFOPLIST_FILE = "Sushi Savior/Info.plist";
				LD_RUNPATH_SEARCH_PATHS = "$(inherited) @executable_path/Frameworks";
				PRODUCT_BUNDLE_IDENTIFIER = "RydeHQ.Sushi-Savior";
				PRODUCT_NAME = "$(TARGET_NAME)";
			};
			name = Release;
		};
/* End XCBuildConfiguration section */

/* Begin XCConfigurationList section */
		92A7B3631BEB01DA00273E33 /* Build configuration list for PBXProject "Sushi Savior" */ = {
			isa = XCConfigurationList;
			buildConfigurations = (
				92A7B37B1BEB01DA00273E33 /* Debug */,
				92A7B37C1BEB01DA00273E33 /* Release */,
			);
			defaultConfigurationIsVisible = 0;
			defaultConfigurationName = Release;
		};
		92A7B37D1BEB01DA00273E33 /* Build configuration list for PBXNativeTarget "Sushi Savior" */ = {
			isa = XCConfigurationList;
			buildConfigurations = (
				92A7B37E1BEB01DA00273E33 /* Debug */,
				92A7B37F1BEB01DA00273E33 /* Release */,
			);
			defaultConfigurationIsVisible = 0;
		};
/* End XCConfigurationList section */

/* Begin XCVersionGroup section */
		92A7B3721BEB01DA00273E33 /* Sushi_Savior.xcdatamodeld */ = {
			isa = XCVersionGroup;
			children = (
				92A7B3731BEB01DA00273E33 /* Sushi_Savior.xcdatamodel */,
			);
			currentVersion = 92A7B3731BEB01DA00273E33 /* Sushi_Savior.xcdatamodel */;
			path = Sushi_Savior.xcdatamodeld;
			sourceTree = "<group>";
			versionGroupType = wrapper.xcdatamodel;
		};
/* End XCVersionGroup section */
	};
	rootObject = 92A7B3601BEB01DA00273E33 /* Project object */;
}
